// !$*UTF8*$!
{
	archiveVersion = 1;
	classes = {
	};
	objectVersion = 46;
	objects = {

/* Begin PBXBuildFile section */
		9B4B91751EE69FBC00C62A16 /* main.m in Sources */ = {isa = PBXBuildFile; fileRef = 9B4B91741EE69FBC00C62A16 /* main.m */; };
		9B4B91781EE69FBC00C62A16 /* AppDelegate.m in Sources */ = {isa = PBXBuildFile; fileRef = 9B4B91771EE69FBC00C62A16 /* AppDelegate.m */; };
		9B4B917B1EE69FBC00C62A16 /* ViewController.m in Sources */ = {isa = PBXBuildFile; fileRef = 9B4B917A1EE69FBC00C62A16 /* ViewController.m */; };
		9B4B917E1EE69FBC00C62A16 /* Main.storyboard in Resources */ = {isa = PBXBuildFile; fileRef = 9B4B917C1EE69FBC00C62A16 /* Main.storyboard */; };
		9B4B91811EE69FBC00C62A16 /* XMGBPhotoBrower.xcdatamodeld in Sources */ = {isa = PBXBuildFile; fileRef = 9B4B917F1EE69FBC00C62A16 /* XMGBPhotoBrower.xcdatamodeld */; };
		9B4B91831EE69FBC00C62A16 /* Assets.xcassets in Resources */ = {isa = PBXBuildFile; fileRef = 9B4B91821EE69FBC00C62A16 /* Assets.xcassets */; };
		9B4B91861EE69FBC00C62A16 /* LaunchScreen.storyboard in Resources */ = {isa = PBXBuildFile; fileRef = 9B4B91841EE69FBC00C62A16 /* LaunchScreen.storyboard */; };
		9B4B91911EE69FBD00C62A16 /* XMGBPhotoBrowerTests.m in Sources */ = {isa = PBXBuildFile; fileRef = 9B4B91901EE69FBD00C62A16 /* XMGBPhotoBrowerTests.m */; };
		9B4B919C1EE69FBD00C62A16 /* XMGBPhotoBrowerUITests.m in Sources */ = {isa = PBXBuildFile; fileRef = 9B4B919B1EE69FBD00C62A16 /* XMGBPhotoBrowerUITests.m */; };
		9B4B91CB1EE6A26400C62A16 /* MKAnnotationView+WebCache.m in Sources */ = {isa = PBXBuildFile; fileRef = 9B4B91AB1EE6A26400C62A16 /* MKAnnotationView+WebCache.m */; };
		9B4B91CC1EE6A26400C62A16 /* NSData+ImageContentType.m in Sources */ = {isa = PBXBuildFile; fileRef = 9B4B91AD1EE6A26400C62A16 /* NSData+ImageContentType.m */; };
		9B4B91CD1EE6A26400C62A16 /* SDImageCache.m in Sources */ = {isa = PBXBuildFile; fileRef = 9B4B91AF1EE6A26400C62A16 /* SDImageCache.m */; };
		9B4B91CE1EE6A26400C62A16 /* SDWebImageCompat.m in Sources */ = {isa = PBXBuildFile; fileRef = 9B4B91B11EE6A26400C62A16 /* SDWebImageCompat.m */; };
		9B4B91CF1EE6A26400C62A16 /* SDWebImageDecoder.m in Sources */ = {isa = PBXBuildFile; fileRef = 9B4B91B31EE6A26400C62A16 /* SDWebImageDecoder.m */; };
		9B4B91D01EE6A26400C62A16 /* SDWebImageDownloader.m in Sources */ = {isa = PBXBuildFile; fileRef = 9B4B91B51EE6A26400C62A16 /* SDWebImageDownloader.m */; };
		9B4B91D11EE6A26400C62A16 /* SDWebImageDownloaderOperation.m in Sources */ = {isa = PBXBuildFile; fileRef = 9B4B91B71EE6A26400C62A16 /* SDWebImageDownloaderOperation.m */; };
		9B4B91D21EE6A26400C62A16 /* SDWebImageManager.m in Sources */ = {isa = PBXBuildFile; fileRef = 9B4B91B91EE6A26400C62A16 /* SDWebImageManager.m */; };
		9B4B91D31EE6A26400C62A16 /* SDWebImagePrefetcher.m in Sources */ = {isa = PBXBuildFile; fileRef = 9B4B91BC1EE6A26400C62A16 /* SDWebImagePrefetcher.m */; };
		9B4B91D41EE6A26400C62A16 /* UIButton+WebCache.m in Sources */ = {isa = PBXBuildFile; fileRef = 9B4B91BE1EE6A26400C62A16 /* UIButton+WebCache.m */; };
		9B4B91D51EE6A26400C62A16 /* UIImage+GIF.m in Sources */ = {isa = PBXBuildFile; fileRef = 9B4B91C01EE6A26400C62A16 /* UIImage+GIF.m */; };
		9B4B91D61EE6A26400C62A16 /* UIImage+MultiFormat.m in Sources */ = {isa = PBXBuildFile; fileRef = 9B4B91C21EE6A26400C62A16 /* UIImage+MultiFormat.m */; };
		9B4B91D71EE6A26400C62A16 /* UIImage+WebP.m in Sources */ = {isa = PBXBuildFile; fileRef = 9B4B91C41EE6A26400C62A16 /* UIImage+WebP.m */; };
		9B4B91D81EE6A26400C62A16 /* UIImageView+HighlightedWebCache.m in Sources */ = {isa = PBXBuildFile; fileRef = 9B4B91C61EE6A26400C62A16 /* UIImageView+HighlightedWebCache.m */; };
		9B4B91D91EE6A26400C62A16 /* UIImageView+WebCache.m in Sources */ = {isa = PBXBuildFile; fileRef = 9B4B91C81EE6A26400C62A16 /* UIImageView+WebCache.m */; };
		9B4B91DA1EE6A26400C62A16 /* UIView+WebCacheOperation.m in Sources */ = {isa = PBXBuildFile; fileRef = 9B4B91CA1EE6A26400C62A16 /* UIView+WebCacheOperation.m */; };
		9B4B92041EE6ACE700C62A16 /* SDBrowserImageView.m in Sources */ = {isa = PBXBuildFile; fileRef = 9B4B91FE1EE6ACE700C62A16 /* SDBrowserImageView.m */; };
		9B4B92051EE6ACE700C62A16 /* SDPhotoBrowser.m in Sources */ = {isa = PBXBuildFile; fileRef = 9B4B92001EE6ACE700C62A16 /* SDPhotoBrowser.m */; };
		9B4B92061EE6ACE700C62A16 /* SDWaitingView.m in Sources */ = {isa = PBXBuildFile; fileRef = 9B4B92031EE6ACE700C62A16 /* SDWaitingView.m */; };
		9B4B92091EE7927200C62A16 /* XMGPhotoBrowerWebView.m in Sources */ = {isa = PBXBuildFile; fileRef = 9B4B92081EE7927200C62A16 /* XMGPhotoBrowerWebView.m */; };
/* End PBXBuildFile section */

/* Begin PBXContainerItemProxy section */
		9B4B918D1EE69FBD00C62A16 /* PBXContainerItemProxy */ = {
			isa = PBXContainerItemProxy;
			containerPortal = 9B4B91681EE69FBC00C62A16 /* Project object */;
			proxyType = 1;
			remoteGlobalIDString = 9B4B916F1EE69FBC00C62A16;
			remoteInfo = XMGBPhotoBrower;
		};
		9B4B91981EE69FBD00C62A16 /* PBXContainerItemProxy */ = {
			isa = PBXContainerItemProxy;
			containerPortal = 9B4B91681EE69FBC00C62A16 /* Project object */;
			proxyType = 1;
			remoteGlobalIDString = 9B4B916F1EE69FBC00C62A16;
			remoteInfo = XMGBPhotoBrower;
		};
/* End PBXContainerItemProxy section */

/* Begin PBXFileReference section */
		9B4B91701EE69FBC00C62A16 /* XMGBPhotoBrower.app */ = {isa = PBXFileReference; explicitFileType = wrapper.application; includeInIndex = 0; path = XMGBPhotoBrower.app; sourceTree = BUILT_PRODUCTS_DIR; };
		9B4B91741EE69FBC00C62A16 /* main.m */ = {isa = PBXFileReference; lastKnownFileType = sourcecode.c.objc; path = main.m; sourceTree = "<group>"; };
		9B4B91761EE69FBC00C62A16 /* AppDelegate.h */ = {isa = PBXFileReference; lastKnownFileType = sourcecode.c.h; path = AppDelegate.h; sourceTree = "<group>"; };
		9B4B91771EE69FBC00C62A16 /* AppDelegate.m */ = {isa = PBXFileReference; lastKnownFileType = sourcecode.c.objc; path = AppDelegate.m; sourceTree = "<group>"; };
		9B4B91791EE69FBC00C62A16 /* ViewController.h */ = {isa = PBXFileReference; lastKnownFileType = sourcecode.c.h; path = ViewController.h; sourceTree = "<group>"; };
		9B4B917A1EE69FBC00C62A16 /* ViewController.m */ = {isa = PBXFileReference; lastKnownFileType = sourcecode.c.objc; path = ViewController.m; sourceTree = "<group>"; };
		9B4B917D1EE69FBC00C62A16 /* Base */ = {isa = PBXFileReference; lastKnownFileType = file.storyboard; name = Base; path = Base.lproj/Main.storyboard; sourceTree = "<group>"; };
		9B4B91801EE69FBC00C62A16 /* XMGBPhotoBrower.xcdatamodel */ = {isa = PBXFileReference; lastKnownFileType = wrapper.xcdatamodel; path = XMGBPhotoBrower.xcdatamodel; sourceTree = "<group>"; };
		9B4B91821EE69FBC00C62A16 /* Assets.xcassets */ = {isa = PBXFileReference; lastKnownFileType = folder.assetcatalog; path = Assets.xcassets; sourceTree = "<group>"; };
		9B4B91851EE69FBC00C62A16 /* Base */ = {isa = PBXFileReference; lastKnownFileType = file.storyboard; name = Base; path = Base.lproj/LaunchScreen.storyboard; sourceTree = "<group>"; };
		9B4B91871EE69FBC00C62A16 /* Info.plist */ = {isa = PBXFileReference; lastKnownFileType = text.plist.xml; path = Info.plist; sourceTree = "<group>"; };
		9B4B918C1EE69FBD00C62A16 /* XMGBPhotoBrowerTests.xctest */ = {isa = PBXFileReference; explicitFileType = wrapper.cfbundle; includeInIndex = 0; path = XMGBPhotoBrowerTests.xctest; sourceTree = BUILT_PRODUCTS_DIR; };
		9B4B91901EE69FBD00C62A16 /* XMGBPhotoBrowerTests.m */ = {isa = PBXFileReference; lastKnownFileType = sourcecode.c.objc; path = XMGBPhotoBrowerTests.m; sourceTree = "<group>"; };
		9B4B91921EE69FBD00C62A16 /* Info.plist */ = {isa = PBXFileReference; lastKnownFileType = text.plist.xml; path = Info.plist; sourceTree = "<group>"; };
		9B4B91971EE69FBD00C62A16 /* XMGBPhotoBrowerUITests.xctest */ = {isa = PBXFileReference; explicitFileType = wrapper.cfbundle; includeInIndex = 0; path = XMGBPhotoBrowerUITests.xctest; sourceTree = BUILT_PRODUCTS_DIR; };
		9B4B919B1EE69FBD00C62A16 /* XMGBPhotoBrowerUITests.m */ = {isa = PBXFileReference; lastKnownFileType = sourcecode.c.objc; path = XMGBPhotoBrowerUITests.m; sourceTree = "<group>"; };
		9B4B919D1EE69FBD00C62A16 /* Info.plist */ = {isa = PBXFileReference; lastKnownFileType = text.plist.xml; path = Info.plist; sourceTree = "<group>"; };
		9B4B91AA1EE6A26400C62A16 /* MKAnnotationView+WebCache.h */ = {isa = PBXFileReference; fileEncoding = 4; lastKnownFileType = sourcecode.c.h; path = "MKAnnotationView+WebCache.h"; sourceTree = "<group>"; };
		9B4B91AB1EE6A26400C62A16 /* MKAnnotationView+WebCache.m */ = {isa = PBXFileReference; fileEncoding = 4; lastKnownFileType = sourcecode.c.objc; path = "MKAnnotationView+WebCache.m"; sourceTree = "<group>"; };
		9B4B91AC1EE6A26400C62A16 /* NSData+ImageContentType.h */ = {isa = PBXFileReference; fileEncoding = 4; lastKnownFileType = sourcecode.c.h; path = "NSData+ImageContentType.h"; sourceTree = "<group>"; };
		9B4B91AD1EE6A26400C62A16 /* NSData+ImageContentType.m */ = {isa = PBXFileReference; fileEncoding = 4; lastKnownFileType = sourcecode.c.objc; path = "NSData+ImageContentType.m"; sourceTree = "<group>"; };
		9B4B91AE1EE6A26400C62A16 /* SDImageCache.h */ = {isa = PBXFileReference; fileEncoding = 4; lastKnownFileType = sourcecode.c.h; path = SDImageCache.h; sourceTree = "<group>"; };
		9B4B91AF1EE6A26400C62A16 /* SDImageCache.m */ = {isa = PBXFileReference; fileEncoding = 4; lastKnownFileType = sourcecode.c.objc; path = SDImageCache.m; sourceTree = "<group>"; };
		9B4B91B01EE6A26400C62A16 /* SDWebImageCompat.h */ = {isa = PBXFileReference; fileEncoding = 4; lastKnownFileType = sourcecode.c.h; path = SDWebImageCompat.h; sourceTree = "<group>"; };
		9B4B91B11EE6A26400C62A16 /* SDWebImageCompat.m */ = {isa = PBXFileReference; fileEncoding = 4; lastKnownFileType = sourcecode.c.objc; path = SDWebImageCompat.m; sourceTree = "<group>"; };
		9B4B91B21EE6A26400C62A16 /* SDWebImageDecoder.h */ = {isa = PBXFileReference; fileEncoding = 4; lastKnownFileType = sourcecode.c.h; path = SDWebImageDecoder.h; sourceTree = "<group>"; };
		9B4B91B31EE6A26400C62A16 /* SDWebImageDecoder.m */ = {isa = PBXFileReference; fileEncoding = 4; lastKnownFileType = sourcecode.c.objc; path = SDWebImageDecoder.m; sourceTree = "<group>"; };
		9B4B91B41EE6A26400C62A16 /* SDWebImageDownloader.h */ = {isa = PBXFileReference; fileEncoding = 4; lastKnownFileType = sourcecode.c.h; path = SDWebImageDownloader.h; sourceTree = "<group>"; };
		9B4B91B51EE6A26400C62A16 /* SDWebImageDownloader.m */ = {isa = PBXFileReference; fileEncoding = 4; lastKnownFileType = sourcecode.c.objc; path = SDWebImageDownloader.m; sourceTree = "<group>"; };
		9B4B91B61EE6A26400C62A16 /* SDWebImageDownloaderOperation.h */ = {isa = PBXFileReference; fileEncoding = 4; lastKnownFileType = sourcecode.c.h; path = SDWebImageDownloaderOperation.h; sourceTree = "<group>"; };
		9B4B91B71EE6A26400C62A16 /* SDWebImageDownloaderOperation.m */ = {isa = PBXFileReference; fileEncoding = 4; lastKnownFileType = sourcecode.c.objc; path = SDWebImageDownloaderOperation.m; sourceTree = "<group>"; };
		9B4B91B81EE6A26400C62A16 /* SDWebImageManager.h */ = {isa = PBXFileReference; fileEncoding = 4; lastKnownFileType = sourcecode.c.h; path = SDWebImageManager.h; sourceTree = "<group>"; };
		9B4B91B91EE6A26400C62A16 /* SDWebImageManager.m */ = {isa = PBXFileReference; fileEncoding = 4; lastKnownFileType = sourcecode.c.objc; path = SDWebImageManager.m; sourceTree = "<group>"; };
		9B4B91BA1EE6A26400C62A16 /* SDWebImageOperation.h */ = {isa = PBXFileReference; fileEncoding = 4; lastKnownFileType = sourcecode.c.h; path = SDWebImageOperation.h; sourceTree = "<group>"; };
		9B4B91BB1EE6A26400C62A16 /* SDWebImagePrefetcher.h */ = {isa = PBXFileReference; fileEncoding = 4; lastKnownFileType = sourcecode.c.h; path = SDWebImagePrefetcher.h; sourceTree = "<group>"; };
		9B4B91BC1EE6A26400C62A16 /* SDWebImagePrefetcher.m */ = {isa = PBXFileReference; fileEncoding = 4; lastKnownFileType = sourcecode.c.objc; path = SDWebImagePrefetcher.m; sourceTree = "<group>"; };
		9B4B91BD1EE6A26400C62A16 /* UIButton+WebCache.h */ = {isa = PBXFileReference; fileEncoding = 4; lastKnownFileType = sourcecode.c.h; path = "UIButton+WebCache.h"; sourceTree = "<group>"; };
		9B4B91BE1EE6A26400C62A16 /* UIButton+WebCache.m */ = {isa = PBXFileReference; fileEncoding = 4; lastKnownFileType = sourcecode.c.objc; path = "UIButton+WebCache.m"; sourceTree = "<group>"; };
		9B4B91BF1EE6A26400C62A16 /* UIImage+GIF.h */ = {isa = PBXFileReference; fileEncoding = 4; lastKnownFileType = sourcecode.c.h; path = "UIImage+GIF.h"; sourceTree = "<group>"; };
		9B4B91C01EE6A26400C62A16 /* UIImage+GIF.m */ = {isa = PBXFileReference; fileEncoding = 4; lastKnownFileType = sourcecode.c.objc; path = "UIImage+GIF.m"; sourceTree = "<group>"; };
		9B4B91C11EE6A26400C62A16 /* UIImage+MultiFormat.h */ = {isa = PBXFileReference; fileEncoding = 4; lastKnownFileType = sourcecode.c.h; path = "UIImage+MultiFormat.h"; sourceTree = "<group>"; };
		9B4B91C21EE6A26400C62A16 /* UIImage+MultiFormat.m */ = {isa = PBXFileReference; fileEncoding = 4; lastKnownFileType = sourcecode.c.objc; path = "UIImage+MultiFormat.m"; sourceTree = "<group>"; };
		9B4B91C31EE6A26400C62A16 /* UIImage+WebP.h */ = {isa = PBXFileReference; fileEncoding = 4; lastKnownFileType = sourcecode.c.h; path = "UIImage+WebP.h"; sourceTree = "<group>"; };
		9B4B91C41EE6A26400C62A16 /* UIImage+WebP.m */ = {isa = PBXFileReference; fileEncoding = 4; lastKnownFileType = sourcecode.c.objc; path = "UIImage+WebP.m"; sourceTree = "<group>"; };
		9B4B91C51EE6A26400C62A16 /* UIImageView+HighlightedWebCache.h */ = {isa = PBXFileReference; fileEncoding = 4; lastKnownFileType = sourcecode.c.h; path = "UIImageView+HighlightedWebCache.h"; sourceTree = "<group>"; };
		9B4B91C61EE6A26400C62A16 /* UIImageView+HighlightedWebCache.m */ = {isa = PBXFileReference; fileEncoding = 4; lastKnownFileType = sourcecode.c.objc; path = "UIImageView+HighlightedWebCache.m"; sourceTree = "<group>"; };
		9B4B91C71EE6A26400C62A16 /* UIImageView+WebCache.h */ = {isa = PBXFileReference; fileEncoding = 4; lastKnownFileType = sourcecode.c.h; path = "UIImageView+WebCache.h"; sourceTree = "<group>"; };
		9B4B91C81EE6A26400C62A16 /* UIImageView+WebCache.m */ = {isa = PBXFileReference; fileEncoding = 4; lastKnownFileType = sourcecode.c.objc; path = "UIImageView+WebCache.m"; sourceTree = "<group>"; };
		9B4B91C91EE6A26400C62A16 /* UIView+WebCacheOperation.h */ = {isa = PBXFileReference; fileEncoding = 4; lastKnownFileType = sourcecode.c.h; path = "UIView+WebCacheOperation.h"; sourceTree = "<group>"; };
		9B4B91CA1EE6A26400C62A16 /* UIView+WebCacheOperation.m */ = {isa = PBXFileReference; fileEncoding = 4; lastKnownFileType = sourcecode.c.objc; path = "UIView+WebCacheOperation.m"; sourceTree = "<group>"; };
		9B4B91FD1EE6ACE700C62A16 /* SDBrowserImageView.h */ = {isa = PBXFileReference; fileEncoding = 4; lastKnownFileType = sourcecode.c.h; path = SDBrowserImageView.h; sourceTree = "<group>"; };
		9B4B91FE1EE6ACE700C62A16 /* SDBrowserImageView.m */ = {isa = PBXFileReference; fileEncoding = 4; lastKnownFileType = sourcecode.c.objc; path = SDBrowserImageView.m; sourceTree = "<group>"; };
		9B4B91FF1EE6ACE700C62A16 /* SDPhotoBrowser.h */ = {isa = PBXFileReference; fileEncoding = 4; lastKnownFileType = sourcecode.c.h; path = SDPhotoBrowser.h; sourceTree = "<group>"; };
		9B4B92001EE6ACE700C62A16 /* SDPhotoBrowser.m */ = {isa = PBXFileReference; fileEncoding = 4; lastKnownFileType = sourcecode.c.objc; path = SDPhotoBrowser.m; sourceTree = "<group>"; };
		9B4B92011EE6ACE700C62A16 /* SDPhotoBrowserConfig.h */ = {isa = PBXFileReference; fileEncoding = 4; lastKnownFileType = sourcecode.c.h; path = SDPhotoBrowserConfig.h; sourceTree = "<group>"; };
		9B4B92021EE6ACE700C62A16 /* SDWaitingView.h */ = {isa = PBXFileReference; fileEncoding = 4; lastKnownFileType = sourcecode.c.h; path = SDWaitingView.h; sourceTree = "<group>"; };
		9B4B92031EE6ACE700C62A16 /* SDWaitingView.m */ = {isa = PBXFileReference; fileEncoding = 4; lastKnownFileType = sourcecode.c.objc; path = SDWaitingView.m; sourceTree = "<group>"; };
		9B4B92071EE7927200C62A16 /* XMGPhotoBrowerWebView.h */ = {isa = PBXFileReference; fileEncoding = 4; lastKnownFileType = sourcecode.c.h; path = XMGPhotoBrowerWebView.h; sourceTree = "<group>"; };
		9B4B92081EE7927200C62A16 /* XMGPhotoBrowerWebView.m */ = {isa = PBXFileReference; fileEncoding = 4; lastKnownFileType = sourcecode.c.objc; path = XMGPhotoBrowerWebView.m; sourceTree = "<group>"; };
/* End PBXFileReference section */

/* Begin PBXFrameworksBuildPhase section */
		9B4B916D1EE69FBC00C62A16 /* Frameworks */ = {
			isa = PBXFrameworksBuildPhase;
			buildActionMask = 2147483647;
			files = (
			);
			runOnlyForDeploymentPostprocessing = 0;
		};
		9B4B91891EE69FBD00C62A16 /* Frameworks */ = {
			isa = PBXFrameworksBuildPhase;
			buildActionMask = 2147483647;
			files = (
			);
			runOnlyForDeploymentPostprocessing = 0;
		};
		9B4B91941EE69FBD00C62A16 /* Frameworks */ = {
			isa = PBXFrameworksBuildPhase;
			buildActionMask = 2147483647;
			files = (
			);
			runOnlyForDeploymentPostprocessing = 0;
		};
/* End PBXFrameworksBuildPhase section */

/* Begin PBXGroup section */
		9B4B91671EE69FBC00C62A16 = {
			isa = PBXGroup;
			children = (
				9B4B91721EE69FBC00C62A16 /* XMGBPhotoBrower */,
				9B4B918F1EE69FBD00C62A16 /* XMGBPhotoBrowerTests */,
				9B4B919A1EE69FBD00C62A16 /* XMGBPhotoBrowerUITests */,
				9B4B91711EE69FBC00C62A16 /* Products */,
			);
			sourceTree = "<group>";
		};
		9B4B91711EE69FBC00C62A16 /* Products */ = {
			isa = PBXGroup;
			children = (
				9B4B91701EE69FBC00C62A16 /* XMGBPhotoBrower.app */,
				9B4B918C1EE69FBD00C62A16 /* XMGBPhotoBrowerTests.xctest */,
				9B4B91971EE69FBD00C62A16 /* XMGBPhotoBrowerUITests.xctest */,
			);
			name = Products;
			sourceTree = "<group>";
		};
		9B4B91721EE69FBC00C62A16 /* XMGBPhotoBrower */ = {
			isa = PBXGroup;
			children = (
				9B4B91FC1EE6ACE700C62A16 /* SDPhotoBrowser */,
				9B4B91A91EE6A26400C62A16 /* SDWebImage */,
				9B4B91761EE69FBC00C62A16 /* AppDelegate.h */,
				9B4B91771EE69FBC00C62A16 /* AppDelegate.m */,
				9B4B91791EE69FBC00C62A16 /* ViewController.h */,
				9B4B917A1EE69FBC00C62A16 /* ViewController.m */,
				9B4B92071EE7927200C62A16 /* XMGPhotoBrowerWebView.h */,
				9B4B92081EE7927200C62A16 /* XMGPhotoBrowerWebView.m */,
				9B4B917C1EE69FBC00C62A16 /* Main.storyboard */,
				9B4B91821EE69FBC00C62A16 /* Assets.xcassets */,
				9B4B91841EE69FBC00C62A16 /* LaunchScreen.storyboard */,
				9B4B91871EE69FBC00C62A16 /* Info.plist */,
				9B4B917F1EE69FBC00C62A16 /* XMGBPhotoBrower.xcdatamodeld */,
				9B4B91731EE69FBC00C62A16 /* Supporting Files */,
			);
			path = XMGBPhotoBrower;
			sourceTree = "<group>";
		};
		9B4B91731EE69FBC00C62A16 /* Supporting Files */ = {
			isa = PBXGroup;
			children = (
				9B4B91741EE69FBC00C62A16 /* main.m */,
			);
			name = "Supporting Files";
			sourceTree = "<group>";
		};
		9B4B918F1EE69FBD00C62A16 /* XMGBPhotoBrowerTests */ = {
			isa = PBXGroup;
			children = (
				9B4B91901EE69FBD00C62A16 /* XMGBPhotoBrowerTests.m */,
				9B4B91921EE69FBD00C62A16 /* Info.plist */,
			);
			path = XMGBPhotoBrowerTests;
			sourceTree = "<group>";
		};
		9B4B919A1EE69FBD00C62A16 /* XMGBPhotoBrowerUITests */ = {
			isa = PBXGroup;
			children = (
				9B4B919B1EE69FBD00C62A16 /* XMGBPhotoBrowerUITests.m */,
				9B4B919D1EE69FBD00C62A16 /* Info.plist */,
			);
			path = XMGBPhotoBrowerUITests;
			sourceTree = "<group>";
		};
		9B4B91A91EE6A26400C62A16 /* SDWebImage */ = {
			isa = PBXGroup;
			children = (
				9B4B91AA1EE6A26400C62A16 /* MKAnnotationView+WebCache.h */,
				9B4B91AB1EE6A26400C62A16 /* MKAnnotationView+WebCache.m */,
				9B4B91AC1EE6A26400C62A16 /* NSData+ImageContentType.h */,
				9B4B91AD1EE6A26400C62A16 /* NSData+ImageContentType.m */,
				9B4B91AE1EE6A26400C62A16 /* SDImageCache.h */,
				9B4B91AF1EE6A26400C62A16 /* SDImageCache.m */,
				9B4B91B01EE6A26400C62A16 /* SDWebImageCompat.h */,
				9B4B91B11EE6A26400C62A16 /* SDWebImageCompat.m */,
				9B4B91B21EE6A26400C62A16 /* SDWebImageDecoder.h */,
				9B4B91B31EE6A26400C62A16 /* SDWebImageDecoder.m */,
				9B4B91B41EE6A26400C62A16 /* SDWebImageDownloader.h */,
				9B4B91B51EE6A26400C62A16 /* SDWebImageDownloader.m */,
				9B4B91B61EE6A26400C62A16 /* SDWebImageDownloaderOperation.h */,
				9B4B91B71EE6A26400C62A16 /* SDWebImageDownloaderOperation.m */,
				9B4B91B81EE6A26400C62A16 /* SDWebImageManager.h */,
				9B4B91B91EE6A26400C62A16 /* SDWebImageManager.m */,
				9B4B91BA1EE6A26400C62A16 /* SDWebImageOperation.h */,
				9B4B91BB1EE6A26400C62A16 /* SDWebImagePrefetcher.h */,
				9B4B91BC1EE6A26400C62A16 /* SDWebImagePrefetcher.m */,
				9B4B91BD1EE6A26400C62A16 /* UIButton+WebCache.h */,
				9B4B91BE1EE6A26400C62A16 /* UIButton+WebCache.m */,
				9B4B91BF1EE6A26400C62A16 /* UIImage+GIF.h */,
				9B4B91C01EE6A26400C62A16 /* UIImage+GIF.m */,
				9B4B91C11EE6A26400C62A16 /* UIImage+MultiFormat.h */,
				9B4B91C21EE6A26400C62A16 /* UIImage+MultiFormat.m */,
				9B4B91C31EE6A26400C62A16 /* UIImage+WebP.h */,
				9B4B91C41EE6A26400C62A16 /* UIImage+WebP.m */,
				9B4B91C51EE6A26400C62A16 /* UIImageView+HighlightedWebCache.h */,
				9B4B91C61EE6A26400C62A16 /* UIImageView+HighlightedWebCache.m */,
				9B4B91C71EE6A26400C62A16 /* UIImageView+WebCache.h */,
				9B4B91C81EE6A26400C62A16 /* UIImageView+WebCache.m */,
				9B4B91C91EE6A26400C62A16 /* UIView+WebCacheOperation.h */,
				9B4B91CA1EE6A26400C62A16 /* UIView+WebCacheOperation.m */,
			);
			path = SDWebImage;
			sourceTree = "<group>";
		};
		9B4B91FC1EE6ACE700C62A16 /* SDPhotoBrowser */ = {
			isa = PBXGroup;
			children = (
				9B4B91FD1EE6ACE700C62A16 /* SDBrowserImageView.h */,
				9B4B91FE1EE6ACE700C62A16 /* SDBrowserImageView.m */,
				9B4B91FF1EE6ACE700C62A16 /* SDPhotoBrowser.h */,
				9B4B92001EE6ACE700C62A16 /* SDPhotoBrowser.m */,
				9B4B92011EE6ACE700C62A16 /* SDPhotoBrowserConfig.h */,
				9B4B92021EE6ACE700C62A16 /* SDWaitingView.h */,
				9B4B92031EE6ACE700C62A16 /* SDWaitingView.m */,
			);
			path = SDPhotoBrowser;
			sourceTree = "<group>";
		};
/* End PBXGroup section */

/* Begin PBXNativeTarget section */
		9B4B916F1EE69FBC00C62A16 /* XMGBPhotoBrower */ = {
			isa = PBXNativeTarget;
			buildConfigurationList = 9B4B91A01EE69FBD00C62A16 /* Build configuration list for PBXNativeTarget "XMGBPhotoBrower" */;
			buildPhases = (
				9B4B916C1EE69FBC00C62A16 /* Sources */,
				9B4B916D1EE69FBC00C62A16 /* Frameworks */,
				9B4B916E1EE69FBC00C62A16 /* Resources */,
			);
			buildRules = (
			);
			dependencies = (
			);
			name = XMGBPhotoBrower;
			productName = XMGBPhotoBrower;
			productReference = 9B4B91701EE69FBC00C62A16 /* XMGBPhotoBrower.app */;
			productType = "com.apple.product-type.application";
		};
		9B4B918B1EE69FBD00C62A16 /* XMGBPhotoBrowerTests */ = {
			isa = PBXNativeTarget;
			buildConfigurationList = 9B4B91A31EE69FBD00C62A16 /* Build configuration list for PBXNativeTarget "XMGBPhotoBrowerTests" */;
			buildPhases = (
				9B4B91881EE69FBD00C62A16 /* Sources */,
				9B4B91891EE69FBD00C62A16 /* Frameworks */,
				9B4B918A1EE69FBD00C62A16 /* Resources */,
			);
			buildRules = (
			);
			dependencies = (
				9B4B918E1EE69FBD00C62A16 /* PBXTargetDependency */,
			);
			name = XMGBPhotoBrowerTests;
			productName = XMGBPhotoBrowerTests;
			productReference = 9B4B918C1EE69FBD00C62A16 /* XMGBPhotoBrowerTests.xctest */;
			productType = "com.apple.product-type.bundle.unit-test";
		};
		9B4B91961EE69FBD00C62A16 /* XMGBPhotoBrowerUITests */ = {
			isa = PBXNativeTarget;
			buildConfigurationList = 9B4B91A61EE69FBD00C62A16 /* Build configuration list for PBXNativeTarget "XMGBPhotoBrowerUITests" */;
			buildPhases = (
				9B4B91931EE69FBD00C62A16 /* Sources */,
				9B4B91941EE69FBD00C62A16 /* Frameworks */,
				9B4B91951EE69FBD00C62A16 /* Resources */,
			);
			buildRules = (
			);
			dependencies = (
				9B4B91991EE69FBD00C62A16 /* PBXTargetDependency */,
			);
			name = XMGBPhotoBrowerUITests;
			productName = XMGBPhotoBrowerUITests;
			productReference = 9B4B91971EE69FBD00C62A16 /* XMGBPhotoBrowerUITests.xctest */;
			productType = "com.apple.product-type.bundle.ui-testing";
		};
/* End PBXNativeTarget section */

/* Begin PBXProject section */
		9B4B91681EE69FBC00C62A16 /* Project object */ = {
			isa = PBXProject;
			attributes = {
				LastUpgradeCheck = 0830;
				ORGANIZATIONNAME = machao;
				TargetAttributes = {
					9B4B916F1EE69FBC00C62A16 = {
						CreatedOnToolsVersion = 8.3.2;
						ProvisioningStyle = Automatic;
					};
					9B4B918B1EE69FBD00C62A16 = {
						CreatedOnToolsVersion = 8.3.2;
						ProvisioningStyle = Automatic;
						TestTargetID = 9B4B916F1EE69FBC00C62A16;
					};
					9B4B91961EE69FBD00C62A16 = {
						CreatedOnToolsVersion = 8.3.2;
						ProvisioningStyle = Automatic;
						TestTargetID = 9B4B916F1EE69FBC00C62A16;
					};
				};
			};
			buildConfigurationList = 9B4B916B1EE69FBC00C62A16 /* Build configuration list for PBXProject "XMGBPhotoBrower" */;
			compatibilityVersion = "Xcode 3.2";
			developmentRegion = English;
			hasScannedForEncodings = 0;
			knownRegions = (
				en,
				Base,
			);
			mainGroup = 9B4B91671EE69FBC00C62A16;
			productRefGroup = 9B4B91711EE69FBC00C62A16 /* Products */;
			projectDirPath = "";
			projectRoot = "";
			targets = (
				9B4B916F1EE69FBC00C62A16 /* XMGBPhotoBrower */,
				9B4B918B1EE69FBD00C62A16 /* XMGBPhotoBrowerTests */,
				9B4B91961EE69FBD00C62A16 /* XMGBPhotoBrowerUITests */,
			);
		};
/* End PBXProject section */

/* Begin PBXResourcesBuildPhase section */
		9B4B916E1EE69FBC00C62A16 /* Resources */ = {
			isa = PBXResourcesBuildPhase;
			buildActionMask = 2147483647;
			files = (
				9B4B91861EE69FBC00C62A16 /* LaunchScreen.storyboard in Resources */,
				9B4B91831EE69FBC00C62A16 /* Assets.xcassets in Resources */,
				9B4B917E1EE69FBC00C62A16 /* Main.storyboard in Resources */,
			);
			runOnlyForDeploymentPostprocessing = 0;
		};
		9B4B918A1EE69FBD00C62A16 /* Resources */ = {
			isa = PBXResourcesBuildPhase;
			buildActionMask = 2147483647;
			files = (
			);
			runOnlyForDeploymentPostprocessing = 0;
		};
		9B4B91951EE69FBD00C62A16 /* Resources */ = {
			isa = PBXResourcesBuildPhase;
			buildActionMask = 2147483647;
			files = (
			);
			runOnlyForDeploymentPostprocessing = 0;
		};
/* End PBXResourcesBuildPhase section */

/* Begin PBXSourcesBuildPhase section */
		9B4B916C1EE69FBC00C62A16 /* Sources */ = {
			isa = PBXSourcesBuildPhase;
			buildActionMask = 2147483647;
			files = (
				9B4B91D81EE6A26400C62A16 /* UIImageView+HighlightedWebCache.m in Sources */,
				9B4B91D61EE6A26400C62A16 /* UIImage+MultiFormat.m in Sources */,
				9B4B91D11EE6A26400C62A16 /* SDWebImageDownloaderOperation.m in Sources */,
				9B4B917B1EE69FBC00C62A16 /* ViewController.m in Sources */,
				9B4B91CE1EE6A26400C62A16 /* SDWebImageCompat.m in Sources */,
				9B4B91D51EE6A26400C62A16 /* UIImage+GIF.m in Sources */,
				9B4B92041EE6ACE700C62A16 /* SDBrowserImageView.m in Sources */,
				9B4B91D31EE6A26400C62A16 /* SDWebImagePrefetcher.m in Sources */,
				9B4B91811EE69FBC00C62A16 /* XMGBPhotoBrower.xcdatamodeld in Sources */,
				9B4B91781EE69FBC00C62A16 /* AppDelegate.m in Sources */,
				9B4B91D71EE6A26400C62A16 /* UIImage+WebP.m in Sources */,
				9B4B91D91EE6A26400C62A16 /* UIImageView+WebCache.m in Sources */,
				9B4B91D01EE6A26400C62A16 /* SDWebImageDownloader.m in Sources */,
				9B4B91DA1EE6A26400C62A16 /* UIView+WebCacheOperation.m in Sources */,
				9B4B91D41EE6A26400C62A16 /* UIButton+WebCache.m in Sources */,
				9B4B91CB1EE6A26400C62A16 /* MKAnnotationView+WebCache.m in Sources */,
				9B4B91CC1EE6A26400C62A16 /* NSData+ImageContentType.m in Sources */,
				9B4B91751EE69FBC00C62A16 /* main.m in Sources */,
				9B4B92091EE7927200C62A16 /* XMGPhotoBrowerWebView.m in Sources */,
				9B4B91D21EE6A26400C62A16 /* SDWebImageManager.m in Sources */,
				9B4B91CF1EE6A26400C62A16 /* SDWebImageDecoder.m in Sources */,
				9B4B92051EE6ACE700C62A16 /* SDPhotoBrowser.m in Sources */,
				9B4B91CD1EE6A26400C62A16 /* SDImageCache.m in Sources */,
				9B4B92061EE6ACE700C62A16 /* SDWaitingView.m in Sources */,
			);
			runOnlyForDeploymentPostprocessing = 0;
		};
		9B4B91881EE69FBD00C62A16 /* Sources */ = {
			isa = PBXSourcesBuildPhase;
			buildActionMask = 2147483647;
			files = (
				9B4B91911EE69FBD00C62A16 /* XMGBPhotoBrowerTests.m in Sources */,
			);
			runOnlyForDeploymentPostprocessing = 0;
		};
		9B4B91931EE69FBD00C62A16 /* Sources */ = {
			isa = PBXSourcesBuildPhase;
			buildActionMask = 2147483647;
			files = (
				9B4B919C1EE69FBD00C62A16 /* XMGBPhotoBrowerUITests.m in Sources */,
			);
			runOnlyForDeploymentPostprocessing = 0;
		};
/* End PBXSourcesBuildPhase section */

/* Begin PBXTargetDependency section */
		9B4B918E1EE69FBD00C62A16 /* PBXTargetDependency */ = {
			isa = PBXTargetDependency;
			target = 9B4B916F1EE69FBC00C62A16 /* XMGBPhotoBrower */;
			targetProxy = 9B4B918D1EE69FBD00C62A16 /* PBXContainerItemProxy */;
		};
		9B4B91991EE69FBD00C62A16 /* PBXTargetDependency */ = {
			isa = PBXTargetDependency;
			target = 9B4B916F1EE69FBC00C62A16 /* XMGBPhotoBrower */;
			targetProxy = 9B4B91981EE69FBD00C62A16 /* PBXContainerItemProxy */;
		};
/* End PBXTargetDependency section */

/* Begin PBXVariantGroup section */
		9B4B917C1EE69FBC00C62A16 /* Main.storyboard */ = {
			isa = PBXVariantGroup;
			children = (
				9B4B917D1EE69FBC00C62A16 /* Base */,
			);
			name = Main.storyboard;
			sourceTree = "<group>";
		};
		9B4B91841EE69FBC00C62A16 /* LaunchScreen.storyboard */ = {
			isa = PBXVariantGroup;
			children = (
				9B4B91851EE69FBC00C62A16 /* Base */,
			);
			name = LaunchScreen.storyboard;
			sourceTree = "<group>";
		};
/* End PBXVariantGroup section */

/* Begin XCBuildConfiguration section */
		9B4B919E1EE69FBD00C62A16 /* Debug */ = {
			isa = XCBuildConfiguration;
			buildSettings = {
				ALWAYS_SEARCH_USER_PATHS = NO;
				CLANG_ANALYZER_NONNULL = YES;
				CLANG_ANALYZER_NUMBER_OBJECT_CONVERSION = YES_AGGRESSIVE;
				CLANG_CXX_LANGUAGE_STANDARD = "gnu++0x";
				CLANG_CXX_LIBRARY = "libc++";
				CLANG_ENABLE_MODULES = YES;
				CLANG_ENABLE_OBJC_ARC = YES;
				CLANG_WARN_BOOL_CONVERSION = YES;
				CLANG_WARN_CONSTANT_CONVERSION = YES;
				CLANG_WARN_DIRECT_OBJC_ISA_USAGE = YES_ERROR;
				CLANG_WARN_DOCUMENTATION_COMMENTS = YES;
				CLANG_WARN_EMPTY_BODY = YES;
				CLANG_WARN_ENUM_CONVERSION = YES;
				CLANG_WARN_INFINITE_RECURSION = YES;
				CLANG_WARN_INT_CONVERSION = YES;
				CLANG_WARN_OBJC_ROOT_CLASS = YES_ERROR;
				CLANG_WARN_SUSPICIOUS_MOVE = YES;
				CLANG_WARN_UNREACHABLE_CODE = YES;
				CLANG_WARN__DUPLICATE_METHOD_MATCH = YES;
				"CODE_SIGN_IDENTITY[sdk=iphoneos*]" = "iPhone Developer";
				COPY_PHASE_STRIP = NO;
				DEBUG_INFORMATION_FORMAT = dwarf;
				ENABLE_STRICT_OBJC_MSGSEND = YES;
				ENABLE_TESTABILITY = YES;
				GCC_C_LANGUAGE_STANDARD = gnu99;
				GCC_DYNAMIC_NO_PIC = NO;
				GCC_NO_COMMON_BLOCKS = YES;
				GCC_OPTIMIZATION_LEVEL = 0;
				GCC_PREPROCESSOR_DEFINITIONS = (
					"DEBUG=1",
					"$(inherited)",
				);
				GCC_WARN_64_TO_32_BIT_CONVERSION = YES;
				GCC_WARN_ABOUT_RETURN_TYPE = YES_ERROR;
				GCC_WARN_UNDECLARED_SELECTOR = YES;
				GCC_WARN_UNINITIALIZED_AUTOS = YES_AGGRESSIVE;
				GCC_WARN_UNUSED_FUNCTION = YES;
				GCC_WARN_UNUSED_VARIABLE = YES;
				IPHONEOS_DEPLOYMENT_TARGET = 10.3;
				MTL_ENABLE_DEBUG_INFO = YES;
				ONLY_ACTIVE_ARCH = YES;
				SDKROOT = iphoneos;
				TARGETED_DEVICE_FAMILY = "1,2";
			};
			name = Debug;
		};
		9B4B919F1EE69FBD00C62A16 /* Release */ = {
			isa = XCBuildConfiguration;
			buildSettings = {
				ALWAYS_SEARCH_USER_PATHS = NO;
				CLANG_ANALYZER_NONNULL = YES;
				CLANG_ANALYZER_NUMBER_OBJECT_CONVERSION = YES_AGGRESSIVE;
				CLANG_CXX_LANGUAGE_STANDARD = "gnu++0x";
				CLANG_CXX_LIBRARY = "libc++";
				CLANG_ENABLE_MODULES = YES;
				CLANG_ENABLE_OBJC_ARC = YES;
				CLANG_WARN_BOOL_CONVERSION = YES;
				CLANG_WARN_CONSTANT_CONVERSION = YES;
				CLANG_WARN_DIRECT_OBJC_ISA_USAGE = YES_ERROR;
				CLANG_WARN_DOCUMENTATION_COMMENTS = YES;
				CLANG_WARN_EMPTY_BODY = YES;
				CLANG_WARN_ENUM_CONVERSION = YES;
				CLANG_WARN_INFINITE_RECURSION = YES;
				CLANG_WARN_INT_CONVERSION = YES;
				CLANG_WARN_OBJC_ROOT_CLASS = YES_ERROR;
				CLANG_WARN_SUSPICIOUS_MOVE = YES;
				CLANG_WARN_UNREACHABLE_CODE = YES;
				CLANG_WARN__DUPLICATE_METHOD_MATCH = YES;
				"CODE_SIGN_IDENTITY[sdk=iphoneos*]" = "iPhone Developer";
				COPY_PHASE_STRIP = NO;
				DEBUG_INFORMATION_FORMAT = "dwarf-with-dsym";
				ENABLE_NS_ASSERTIONS = NO;
				ENABLE_STRICT_OBJC_MSGSEND = YES;
				GCC_C_LANGUAGE_STANDARD = gnu99;
				GCC_NO_COMMON_BLOCKS = YES;
				GCC_WARN_64_TO_32_BIT_CONVERSION = YES;
				GCC_WARN_ABOUT_RETURN_TYPE = YES_ERROR;
				GCC_WARN_UNDECLARED_SELECTOR = YES;
				GCC_WARN_UNINITIALIZED_AUTOS = YES_AGGRESSIVE;
				GCC_WARN_UNUSED_FUNCTION = YES;
				GCC_WARN_UNUSED_VARIABLE = YES;
				IPHONEOS_DEPLOYMENT_TARGET = 10.3;
				MTL_ENABLE_DEBUG_INFO = NO;
				SDKROOT = iphoneos;
				TARGETED_DEVICE_FAMILY = "1,2";
				VALIDATE_PRODUCT = YES;
			};
			name = Release;
		};
		9B4B91A11EE69FBD00C62A16 /* Debug */ = {
			isa = XCBuildConfiguration;
			buildSettings = {
				ASSETCATALOG_COMPILER_APPICON_NAME = AppIcon;
				INFOPLIST_FILE = XMGBPhotoBrower/Info.plist;
				LD_RUNPATH_SEARCH_PATHS = "$(inherited) @executable_path/Frameworks";
				PRODUCT_BUNDLE_IDENTIFIER = xxx.com.cn.XMGBPhotoBrower;
				PRODUCT_NAME = "$(TARGET_NAME)";
			};
			name = Debug;
		};
		9B4B91A21EE69FBD00C62A16 /* Release */ = {
			isa = XCBuildConfiguration;
			buildSettings = {
				ASSETCATALOG_COMPILER_APPICON_NAME = AppIcon;
				INFOPLIST_FILE = XMGBPhotoBrower/Info.plist;
				LD_RUNPATH_SEARCH_PATHS = "$(inherited) @executable_path/Frameworks";
				PRODUCT_BUNDLE_IDENTIFIER = xxx.com.cn.XMGBPhotoBrower;
				PRODUCT_NAME = "$(TARGET_NAME)";
			};
			name = Release;
		};
		9B4B91A41EE69FBD00C62A16 /* Debug */ = {
			isa = XCBuildConfiguration;
			buildSettings = {
				BUNDLE_LOADER = "$(TEST_HOST)";
				INFOPLIST_FILE = XMGBPhotoBrowerTests/Info.plist;
				LD_RUNPATH_SEARCH_PATHS = "$(inherited) @executable_path/Frameworks @loader_path/Frameworks";
				PRODUCT_BUNDLE_IDENTIFIER = xxx.com.cn.XMGBPhotoBrowerTests;
				PRODUCT_NAME = "$(TARGET_NAME)";
				TEST_HOST = "$(BUILT_PRODUCTS_DIR)/XMGBPhotoBrower.app/XMGBPhotoBrower";
			};
			name = Debug;
		};
		9B4B91A51EE69FBD00C62A16 /* Release */ = {
			isa = XCBuildConfiguration;
			buildSettings = {
				BUNDLE_LOADER = "$(TEST_HOST)";
				INFOPLIST_FILE = XMGBPhotoBrowerTests/Info.plist;
				LD_RUNPATH_SEARCH_PATHS = "$(inherited) @executable_path/Frameworks @loader_path/Frameworks";
				PRODUCT_BUNDLE_IDENTIFIER = xxx.com.cn.XMGBPhotoBrowerTests;
				PRODUCT_NAME = "$(TARGET_NAME)";
				TEST_HOST = "$(BUILT_PRODUCTS_DIR)/XMGBPhotoBrower.app/XMGBPhotoBrower";
			};
			name = Release;
		};
		9B4B91A71EE69FBD00C62A16 /* Debug */ = {
			isa = XCBuildConfiguration;
			buildSettings = {
				INFOPLIST_FILE = XMGBPhotoBrowerUITests/Info.plist;
				LD_RUNPATH_SEARCH_PATHS = "$(inherited) @executable_path/Frameworks @loader_path/Frameworks";
				PRODUCT_BUNDLE_IDENTIFIER = xxx.com.cn.XMGBPhotoBrowerUITests;
				PRODUCT_NAME = "$(TARGET_NAME)";
				TEST_TARGET_NAME = XMGBPhotoBrower;
			};
			name = Debug;
		};
		9B4B91A81EE69FBD00C62A16 /* Release */ = {
			isa = XCBuildConfiguration;
			buildSettings = {
				INFOPLIST_FILE = XMGBPhotoBrowerUITests/Info.plist;
				LD_RUNPATH_SEARCH_PATHS = "$(inherited) @executable_path/Frameworks @loader_path/Frameworks";
				PRODUCT_BUNDLE_IDENTIFIER = xxx.com.cn.XMGBPhotoBrowerUITests;
				PRODUCT_NAME = "$(TARGET_NAME)";
				TEST_TARGET_NAME = XMGBPhotoBrower;
			};
			name = Release;
		};
/* End XCBuildConfiguration section */

/* Begin XCConfigurationList section */
		9B4B916B1EE69FBC00C62A16 /* Build configuration list for PBXProject "XMGBPhotoBrower" */ = {
			isa = XCConfigurationList;
			buildConfigurations = (
				9B4B919E1EE69FBD00C62A16 /* Debug */,
				9B4B919F1EE69FBD00C62A16 /* Release */,
			);
			defaultConfigurationIsVisible = 0;
			defaultConfigurationName = Release;
		};
		9B4B91A01EE69FBD00C62A16 /* Build configuration list for PBXNativeTarget "XMGBPhotoBrower" */ = {
			isa = XCConfigurationList;
			buildConfigurations = (
				9B4B91A11EE69FBD00C62A16 /* Debug */,
				9B4B91A21EE69FBD00C62A16 /* Release */,
			);
			defaultConfigurationIsVisible = 0;
		};
		9B4B91A31EE69FBD00C62A16 /* Build configuration list for PBXNativeTarget "XMGBPhotoBrowerTests" */ = {
			isa = XCConfigurationList;
			buildConfigurations = (
				9B4B91A41EE69FBD00C62A16 /* Debug */,
				9B4B91A51EE69FBD00C62A16 /* Release */,
			);
			defaultConfigurationIsVisible = 0;
		};
		9B4B91A61EE69FBD00C62A16 /* Build configuration list for PBXNativeTarget "XMGBPhotoBrowerUITests" */ = {
			isa = XCConfigurationList;
			buildConfigurations = (
				9B4B91A71EE69FBD00C62A16 /* Debug */,
				9B4B91A81EE69FBD00C62A16 /* Release */,
			);
			defaultConfigurationIsVisible = 0;
		};
/* End XCConfigurationList section */

/* Begin XCVersionGroup section */
		9B4B917F1EE69FBC00C62A16 /* XMGBPhotoBrower.xcdatamodeld */ = {
			isa = XCVersionGroup;
			children = (
				9B4B91801EE69FBC00C62A16 /* XMGBPhotoBrower.xcdatamodel */,
			);
			currentVersion = 9B4B91801EE69FBC00C62A16 /* XMGBPhotoBrower.xcdatamodel */;
			path = XMGBPhotoBrower.xcdatamodeld;
			sourceTree = "<group>";
			versionGroupType = wrapper.xcdatamodel;
		};
/* End XCVersionGroup section */
	};
	rootObject = 9B4B91681EE69FBC00C62A16 /* Project object */;
}
